darvaza.org/core v0.22.1 h1:L4zRyeUjx6THdkfs/ILqey6xectCH9RaZvbB+OK0vBs=
darvaza.org/core v0.22.1/go.mod h1:ZwV0U4PZ2zkS/B1SDfsJFKqS7KN+XhppTfa80hm38k4=
darvaza.org/x/fs v0.8.0 h1:Agcktosw89p2nb13Fa3FRqXKOLxRw49fBaxpgEsd3wg=
darvaza.org/x/fs v0.8.0/go.mod h1:EwIeIRGB3xPCBaq0R0f7+1un9kdhWgCmeBarUxUewOM=
darvaza.org/x/web v0.15.1 h1:m1F3XEndZeIv2BodI3KDX3TeQcqEEM06ZfKuV1Tlb7U=
darvaza.org/x/web v0.15.1/go.mod h1:9Zy0ZPRu7GKkfwsr9r8GHjkZa6A3VUNkdLpxXCXyo34=
github.com/gobwas/glob v0.2.3 h1:A4xDbljILXROh+kObIiy5kIaPYD8e96x1tgBhUI5J+Y=
github.com/gobwas/glob v0.2.3/go.mod h1:d3Ez4x06l9bZtSvzIay5+Yzi0fmZzPgnTbPcKjJAkT8=
golang.org/x/net v0.57.0 h1:K5+3DljvIuDG9/Jv9rvyMywYNFCQ9RSUY6OOTTkT+tE=
golang.org/x/net v0.57.0/go.mod h1:KpXc8iv+r3XplLAG/f7Jsf9RPszJzdR0f58q9vGOuEU=
golang.org/x/text v0.40.0 h1:Ub2Z6/xjgF1WrYQz2nuITOEegKFtiIy+rieRJ5lHZKs=
golang.org/x/text v0.40.0/go.mod h1:hpnzDAfGV753zIKo+wk3u1bVKCGPbrnF7+7LBF/UHVY=
