darvaza.org/core v0.15.4 h1:R0kHauyfjT4gEP0YxITxgCoONQ7JVsM/Fc9qblkzaaU=
darvaza.org/core v0.15.4/go.mod h1:TZvRGmS6O6bIaN2/VFGf/GhCEBbOlTd51G7tQx6qdwM=
darvaza.org/core v0.15.5 h1:nT5gEylNsq2ku8RHDDWWWN93kp/9FZ7763HebALE+tQ=
darvaza.org/core v0.15.5/go.mod h1:CsTlKKmLJ7ir0Or0GoQG01xNaaRon1yIaOmbQ0cEumU=
darvaza.org/core v0.15.6 h1:hQ4GvE6G9I5nQNfzXKRFt3umZuwO0rFFiuMfMXGnUSY=
darvaza.org/core v0.15.6/go.mod h1:oKblI5yWNc1km+JzkFBF0w7lrr7M719cHWVwvvbjHek=
darvaza.org/core v0.16.0 h1:HVmXTR9ICupNRlhAGsRMXZw29tj0PHW1PTRrh8CJi2c=
darvaza.org/core v0.16.0/go.mod h1:BdCiYSILYNk4krD0WPgQWb7feXJRlRp2fClfBY+HiWc=
darvaza.org/core v0.16.1 h1:SlxZNDBaCbP7mgHmCLSQFYL65pZP9QbxdE1JfMXgTjM=
darvaza.org/core v0.16.1/go.mod h1:2waZw8lmo4E9B/R9XltA2bcUmZQURwEoct1iPLesDEQ=
darvaza.org/x/fs v0.3.7 h1:cSwvZ2EUkG5A/1xI2Bs7dktizMQFn98qQ92cU2KF9P4=
darvaza.org/x/fs v0.3.7/go.mod h1:6Djo3BGBjKhIZwU5At9UIpq1YXVaqmiXmQgMIc0kueI=
darvaza.org/x/fs v0.3.8 h1:hMgIa31y9SnzjpvQXgAvilwe2/aJ202FbmO5jNAzZCQ=
darvaza.org/x/fs v0.3.8/go.mod h1:arzwlD7jjo66Ls5WaV5+PQ4LOChVQ9LeT9klkitfwYA=
darvaza.org/x/fs v0.4.0 h1:JtHbbdb3JTHoIhhE2fVS7HqBl8zP3mCqkgl95P6PdLI=
darvaza.org/x/fs v0.4.0/go.mod h1:U7VqqFg4pcHiOWD58HbxnAMtKAUdAHi+ZN0Yo48mebk=
darvaza.org/x/web v0.9.4 h1:0YgmrfpGupCTz8Cul7Mpvt0qoK0W5iUv7SR0xf4dcOw=
darvaza.org/x/web v0.9.4/go.mod h1:ZghgGWND+gCcCxjShIRhSB0tUaapDAHhXOnZSy0lH3E=
darvaza.org/x/web v0.9.6 h1:XXab+xHLfeSWjAb4CUOYdv7OxkfmQnN6FEyOOsem52o=
darvaza.org/x/web v0.9.6/go.mod h1:JRu2xvvRyMgEuW23ici6ORlN8vSaYU00UYeKKakODU4=
darvaza.org/x/web v0.10.0 h1:hvjH5ZCz8NTZ/aqgrgccYRaUu9llHV3wiKMqM7Nss4Y=
darvaza.org/x/web v0.10.0/go.mod h1:FrcBhB2Zpf+kFKjoH+L9qfQxtj73jgt+kabdb6zXAHQ=
github.com/gobwas/glob v0.2.3 h1:A4xDbljILXROh+kObIiy5kIaPYD8e96x1tgBhUI5J+Y=
github.com/gobwas/glob v0.2.3/go.mod h1:d3Ez4x06l9bZtSvzIay5+Yzi0fmZzPgnTbPcKjJAkT8=
golang.org/x/net v0.32.0 h1:ZqPmj8Kzc+Y6e0+skZsuACbx+wzMgo5MQsJh9Qd6aYI=
golang.org/x/net v0.32.0/go.mod h1:CwU0IoeOlnQQWJ6ioyFrfRuomB8GKF6KbYXZVyeXNfs=
golang.org/x/net v0.33.0 h1:74SYHlV8BIgHIFC/LrYkOGIwL19eTYXQ5wc6TBuO36I=
golang.org/x/net v0.33.0/go.mod h1:HXLR5J+9DxmrqMwG9qjGCxZ+zKXxBru04zlTvWlWuN4=
golang.org/x/net v0.34.0 h1:Mb7Mrk043xzHgnRM88suvJFwzVrRfHEHJEl5/71CKw0=
golang.org/x/net v0.34.0/go.mod h1:di0qlW3YNM5oh6GqDGQr92MyTozJPmybPK4Ev/Gm31k=
golang.org/x/net v0.35.0 h1:T5GQRQb2y08kTAByq9L4/bz8cipCdA8FbRTXewonqY8=
golang.org/x/net v0.35.0/go.mod h1:EglIi67kWsHKlRzzVMUD93VMSWGFOMSZgxFjparz1Qk=
golang.org/x/text v0.21.0 h1:zyQAAkrwaneQ066sspRyJaG9VNi/YJ1NfzcGB3hZ/qo=
golang.org/x/text v0.21.0/go.mod h1:4IBbMaMmOPCJ8SecivzSH54+73PCFmPWxNTLm+vZkEQ=
golang.org/x/text v0.22.0 h1:bofq7m3/HAFvbF51jz3Q9wLg3jkvSPuiZu/pD1XwgtM=
golang.org/x/text v0.22.0/go.mod h1:YRoo4H8PVmsu+E3Ou7cqLVH8oXWIHVoX0jqUWALQhfY=
