darvaza.org/core v0.15.4 h1:R0kHauyfjT4gEP0YxITxgCoONQ7JVsM/Fc9qblkzaaU=
darvaza.org/core v0.15.4/go.mod h1:TZvRGmS6O6bIaN2/VFGf/GhCEBbOlTd51G7tQx6qdwM=
darvaza.org/x/fs v0.3.4 h1:sGSPHwmjYj0kamV3EyqnkX6jpJw6GINYZi8HgGD1IRw=
darvaza.org/x/fs v0.3.4/go.mod h1:K7pDFFD/dRNE4IwD5pInih7cxZh52yZ+CMAWOQj3cyU=
darvaza.org/x/web v0.9.2 h1:tQ/XpGcLSbJAIbAimD80NCBjTaL+edpO1NxINxhP5GQ=
darvaza.org/x/web v0.9.2/go.mod h1:MT1pX8RZx8Vhz8I4vYdaX37hbYPkerrcuQuxBgOfpr4=
github.com/gobwas/glob v0.2.3 h1:A4xDbljILXROh+kObIiy5kIaPYD8e96x1tgBhUI5J+Y=
github.com/gobwas/glob v0.2.3/go.mod h1:d3Ez4x06l9bZtSvzIay5+Yzi0fmZzPgnTbPcKjJAkT8=
golang.org/x/net v0.32.0 h1:ZqPmj8Kzc+Y6e0+skZsuACbx+wzMgo5MQsJh9Qd6aYI=
golang.org/x/net v0.32.0/go.mod h1:CwU0IoeOlnQQWJ6ioyFrfRuomB8GKF6KbYXZVyeXNfs=
golang.org/x/text v0.21.0 h1:zyQAAkrwaneQ066sspRyJaG9VNi/YJ1NfzcGB3hZ/qo=
golang.org/x/text v0.21.0/go.mod h1:4IBbMaMmOPCJ8SecivzSH54+73PCFmPWxNTLm+vZkEQ=
